{
	"name": "rilke-ui",
	"version": "0.0.1",
	"lockfileVersion": 2,
	"requires": true,
	"packages": {
		"": {
			"version": "0.0.1",
			"dependencies": {
				"tslib": "^2.3.0"
			},
			"peerDependencies": {
				"@angular/cdk": "^13.0.2",
				"@angular/common": "^13.0.2",
				"@angular/core": "^13.0.2",
				"@angular/material": "^13.0.2",
				"ngx-color": "^7.3.3"
			}
		},
		"node_modules/@angular/animations": {
			"version": "13.1.1",
			"resolved": "https://registry.npmjs.org/@angular/animations/-/animations-13.1.1.tgz",
			"integrity": "sha512-6ECC9Dn5gmV4U1cz1pRJ2p5lo0BET2CjG1RbhTaZR8lOsoMsmlV/JdBAp8eyYTiGii3MLS6Q2P/hN/YG2SRGQQ==",
			"peer": true,
			"dependencies": {
				"tslib": "^2.3.0"
			},
			"engines": {
				"node": "^12.20.0 || ^14.15.0 || >=16.10.0"
			},
			"peerDependencies": {
				"@angular/core": "13.1.1"
			}
		},
		"node_modules/@angular/cdk": {
			"version": "13.1.1",
			"resolved": "https://registry.npmjs.org/@angular/cdk/-/cdk-13.1.1.tgz",
			"integrity": "sha512-66PyWg+zKdxTe3b1pc1RduT8hsMs/hJ0aD0JX0pSEWVq7O0OJWJ5f0z+Mk03T9tAERA3NK1GifcKEDq5k7R2Zw==",
			"peer": true,
			"dependencies": {
				"tslib": "^2.3.0"
			},
			"optionalDependencies": {
				"parse5": "^5.0.0"
			},
			"peerDependencies": {
				"@angular/common": "^13.0.0 || ^14.0.0-0",
				"@angular/core": "^13.0.0 || ^14.0.0-0",
				"rxjs": "^6.5.3 || ^7.4.0"
			}
		},
		"node_modules/@angular/common": {
			"version": "13.1.1",
			"resolved": "https://registry.npmjs.org/@angular/common/-/common-13.1.1.tgz",
			"integrity": "sha512-FQwRZ1XgTH2PbPjBmq2jAZzETVNX9yWQt21MuNGtokC7V4eS0NYlFIDbhy3UPWCzRgd3+P7P4+HdX15VxCjf9g==",
			"peer": true,
			"dependencies": {
				"tslib": "^2.3.0"
			},
			"engines": {
				"node": "^12.20.0 || ^14.15.0 || >=16.10.0"
			},
			"peerDependencies": {
				"@angular/core": "13.1.1",
				"rxjs": "^6.5.3 || ^7.4.0"
			}
		},
		"node_modules/@angular/core": {
			"version": "13.1.1",
			"resolved": "https://registry.npmjs.org/@angular/core/-/core-13.1.1.tgz",
			"integrity": "sha512-oLGKgzUbHqte/q7EokOJWUiXAtBjwuZM6c9Or2a7WDJNeImQilxk5qy91RPSbP8FhOBysebqAayrfiCYexlShg==",
			"peer": true,
			"dependencies": {
				"tslib": "^2.3.0"
			},
			"engines": {
				"node": "^12.20.0 || ^14.15.0 || >=16.10.0"
			},
			"peerDependencies": {
				"rxjs": "^6.5.3 || ^7.4.0",
				"zone.js": "~0.11.4"
			}
		},
		"node_modules/@angular/forms": {
			"version": "13.1.1",
			"resolved": "https://registry.npmjs.org/@angular/forms/-/forms-13.1.1.tgz",
			"integrity": "sha512-wtYzRHPv4mf1Vsi4GEal5qcI2wjqUW+lu8Fsd2Aoe8NqkwtY3fq+iWEP/4pnvmH0RlC+3QbNNV/01D5UKolvgg==",
			"peer": true,
			"dependencies": {
				"tslib": "^2.3.0"
			},
			"engines": {
				"node": "^12.20.0 || ^14.15.0 || >=16.10.0"
			},
			"peerDependencies": {
				"@angular/common": "13.1.1",
				"@angular/core": "13.1.1",
				"@angular/platform-browser": "13.1.1",
				"rxjs": "^6.5.3 || ^7.4.0"
			}
		},
		"node_modules/@angular/material": {
			"version": "13.1.1",
			"resolved": "https://registry.npmjs.org/@angular/material/-/material-13.1.1.tgz",
			"integrity": "sha512-kKWZBhnzuBYAVO1nrkqEaVTCJ2onEWs+tzAJDIlmbo9USiQyVCnFXx+rs86m4kRUxeAAZ9mcW5BGJr6oy5ClCA==",
			"peer": true,
			"dependencies": {
				"tslib": "^2.3.0"
			},
			"peerDependencies": {
				"@angular/animations": "^13.0.0 || ^14.0.0-0",
				"@angular/cdk": "13.1.1",
				"@angular/common": "^13.0.0 || ^14.0.0-0",
				"@angular/core": "^13.0.0 || ^14.0.0-0",
				"@angular/forms": "^13.0.0 || ^14.0.0-0",
				"rxjs": "^6.5.3 || ^7.4.0"
			}
		},
		"node_modules/@angular/platform-browser": {
			"version": "13.1.1",
			"resolved": "https://registry.npmjs.org/@angular/platform-browser/-/platform-browser-13.1.1.tgz",
			"integrity": "sha512-jk9MGwnaVc98wmw5dRBicduI/a8dHtUzaAi1dV003fUWldS9a5FBuj/ym7DJubaD5Njl8l79SFbjrP9aAsqM5A==",
			"peer": true,
			"dependencies": {
				"tslib": "^2.3.0"
			},
			"engines": {
				"node": "^12.20.0 || ^14.15.0 || >=16.10.0"
			},
			"peerDependencies": {
				"@angular/animations": "13.1.1",
				"@angular/common": "13.1.1",
				"@angular/core": "13.1.1"
			},
			"peerDependenciesMeta": {
				"@angular/animations": {
					"optional": true
				}
			}
		},
		"node_modules/@ctrl/tinycolor": {
			"version": "3.4.0",
			"resolved": "https://registry.npmjs.org/@ctrl/tinycolor/-/tinycolor-3.4.0.tgz",
			"integrity": "sha512-JZButFdZ1+/xAfpguQHoabIXkcqRRKpMrWKBkpEZZyxfY9C1DpADFB8PEqGSTeFr135SaTRfKqGKx5xSCLI7ZQ==",
			"peer": true,
			"engines": {
				"node": ">=10"
			}
		},
		"node_modules/material-colors": {
			"version": "1.2.6",
			"resolved": "https://registry.npmjs.org/material-colors/-/material-colors-1.2.6.tgz",
			"integrity": "sha512-6qE4B9deFBIa9YSpOc9O0Sgc43zTeVYbgDT5veRKSlB2+ZuHNoVVxA1L/ckMUayV9Ay9y7Z/SZCLcGteW9i7bg==",
			"peer": true
		},
		"node_modules/ngx-color": {
			"version": "7.3.3",
			"resolved": "https://registry.npmjs.org/ngx-color/-/ngx-color-7.3.3.tgz",
			"integrity": "sha512-RyMIFMC5/aYYD/jkfStOUjr3gQfTGhgiiMxuZEfxt2o4GYmb3C/06C1o0S6Mj9qHAcKlG6soioq2MzdhtIswHw==",
			"peer": true,
			"dependencies": {
				"@ctrl/tinycolor": "^3.4.0",
				"material-colors": "^1.2.6",
				"tslib": "^2.3.0"
			},
			"peerDependencies": {
				"@angular/common": ">=12.0.0-0",
				"@angular/core": ">=12.0.0-0"
			}
		},
		"node_modules/parse5": {
			"version": "5.1.1",
			"resolved": "https://registry.npmjs.org/parse5/-/parse5-5.1.1.tgz",
			"integrity": "sha512-ugq4DFI0Ptb+WWjAdOK16+u/nHfiIrcE+sh8kZMaM0WllQKLI9rOUq6c2b7cwPkXdzfQESqvoqK6ug7U/Yyzug==",
			"optional": true,
			"peer": true
		},
		"node_modules/rxjs": {
			"version": "7.4.0",
			"resolved": "https://registry.npmjs.org/rxjs/-/rxjs-7.4.0.tgz",
			"integrity": "sha512-7SQDi7xeTMCJpqViXh8gL/lebcwlp3d831F05+9B44A4B0WfsEwUQHR64gsH1kvJ+Ep/J9K2+n1hVl1CsGN23w==",
			"peer": true,
			"dependencies": {
				"tslib": "~2.1.0"
			}
		},
		"node_modules/rxjs/node_modules/tslib": {
			"version": "2.1.0",
			"resolved": "https://registry.npmjs.org/tslib/-/tslib-2.1.0.tgz",
			"integrity": "sha512-hcVC3wYEziELGGmEEXue7D75zbwIIVUMWAVbHItGPx0ziyXxrOMQx4rQEVEV45Ut/1IotuEvwqPopzIOkDMf0A==",
			"peer": true
		},
		"node_modules/tslib": {
			"version": "2.3.1",
			"resolved": "https://registry.npmjs.org/tslib/-/tslib-2.3.1.tgz",
			"integrity": "sha512-77EbyPPpMz+FRFRuAFlWMtmgUWGe9UOG2Z25NqCwiIjRhOf5iKGuzSe5P2w1laq+FkRy4p+PCuVkJSGkzTEKVw=="
		},
		"node_modules/zone.js": {
			"version": "0.11.4",
			"resolved": "https://registry.npmjs.org/zone.js/-/zone.js-0.11.4.tgz",
			"integrity": "sha512-DDh2Ab+A/B+9mJyajPjHFPWfYU1H+pdun4wnnk0OcQTNjem1XQSZ2CDW+rfZEUDjv5M19SBqAkjZi0x5wuB5Qw==",
			"peer": true,
			"dependencies": {
				"tslib": "^2.0.0"
			}
		}
	},
	"dependencies": {
		"@angular/animations": {
			"version": "13.1.1",
			"resolved": "https://registry.npmjs.org/@angular/animations/-/animations-13.1.1.tgz",
			"integrity": "sha512-6ECC9Dn5gmV4U1cz1pRJ2p5lo0BET2CjG1RbhTaZR8lOsoMsmlV/JdBAp8eyYTiGii3MLS6Q2P/hN/YG2SRGQQ==",
			"peer": true,
			"requires": {
				"tslib": "^2.3.0"
			}
		},
		"@angular/cdk": {
			"version": "13.1.1",
			"resolved": "https://registry.npmjs.org/@angular/cdk/-/cdk-13.1.1.tgz",
			"integrity": "sha512-66PyWg+zKdxTe3b1pc1RduT8hsMs/hJ0aD0JX0pSEWVq7O0OJWJ5f0z+Mk03T9tAERA3NK1GifcKEDq5k7R2Zw==",
			"peer": true,
			"requires": {
				"parse5": "^5.0.0",
				"tslib": "^2.3.0"
			}
		},
		"@angular/common": {
			"version": "13.1.1",
			"resolved": "https://registry.npmjs.org/@angular/common/-/common-13.1.1.tgz",
			"integrity": "sha512-FQwRZ1XgTH2PbPjBmq2jAZzETVNX9yWQt21MuNGtokC7V4eS0NYlFIDbhy3UPWCzRgd3+P7P4+HdX15VxCjf9g==",
			"peer": true,
			"requires": {
				"tslib": "^2.3.0"
			}
		},
		"@angular/core": {
			"version": "13.1.1",
			"resolved": "https://registry.npmjs.org/@angular/core/-/core-13.1.1.tgz",
			"integrity": "sha512-oLGKgzUbHqte/q7EokOJWUiXAtBjwuZM6c9Or2a7WDJNeImQilxk5qy91RPSbP8FhOBysebqAayrfiCYexlShg==",
			"peer": true,
			"requires": {
				"tslib": "^2.3.0"
			}
		},
		"@angular/forms": {
			"version": "13.1.1",
			"resolved": "https://registry.npmjs.org/@angular/forms/-/forms-13.1.1.tgz",
			"integrity": "sha512-wtYzRHPv4mf1Vsi4GEal5qcI2wjqUW+lu8Fsd2Aoe8NqkwtY3fq+iWEP/4pnvmH0RlC+3QbNNV/01D5UKolvgg==",
			"peer": true,
			"requires": {
				"tslib": "^2.3.0"
			}
		},
		"@angular/material": {
			"version": "13.1.1",
			"resolved": "https://registry.npmjs.org/@angular/material/-/material-13.1.1.tgz",
			"integrity": "sha512-kKWZBhnzuBYAVO1nrkqEaVTCJ2onEWs+tzAJDIlmbo9USiQyVCnFXx+rs86m4kRUxeAAZ9mcW5BGJr6oy5ClCA==",
			"peer": true,
			"requires": {
				"tslib": "^2.3.0"
			}
		},
		"@angular/platform-browser": {
			"version": "13.1.1",
			"resolved": "https://registry.npmjs.org/@angular/platform-browser/-/platform-browser-13.1.1.tgz",
			"integrity": "sha512-jk9MGwnaVc98wmw5dRBicduI/a8dHtUzaAi1dV003fUWldS9a5FBuj/ym7DJubaD5Njl8l79SFbjrP9aAsqM5A==",
			"peer": true,
			"requires": {
				"tslib": "^2.3.0"
			}
		},
		"@ctrl/tinycolor": {
			"version": "3.4.0",
			"resolved": "https://registry.npmjs.org/@ctrl/tinycolor/-/tinycolor-3.4.0.tgz",
			"integrity": "sha512-JZButFdZ1+/xAfpguQHoabIXkcqRRKpMrWKBkpEZZyxfY9C1DpADFB8PEqGSTeFr135SaTRfKqGKx5xSCLI7ZQ==",
			"peer": true
		},
		"material-colors": {
			"version": "1.2.6",
			"resolved": "https://registry.npmjs.org/material-colors/-/material-colors-1.2.6.tgz",
			"integrity": "sha512-6qE4B9deFBIa9YSpOc9O0Sgc43zTeVYbgDT5veRKSlB2+ZuHNoVVxA1L/ckMUayV9Ay9y7Z/SZCLcGteW9i7bg==",
			"peer": true
		},
		"ngx-color": {
			"version": "7.3.3",
			"resolved": "https://registry.npmjs.org/ngx-color/-/ngx-color-7.3.3.tgz",
			"integrity": "sha512-RyMIFMC5/aYYD/jkfStOUjr3gQfTGhgiiMxuZEfxt2o4GYmb3C/06C1o0S6Mj9qHAcKlG6soioq2MzdhtIswHw==",
			"peer": true,
			"requires": {
				"@ctrl/tinycolor": "^3.4.0",
				"material-colors": "^1.2.6",
				"tslib": "^2.3.0"
			}
		},
		"parse5": {
			"version": "5.1.1",
			"resolved": "https://registry.npmjs.org/parse5/-/parse5-5.1.1.tgz",
			"integrity": "sha512-ugq4DFI0Ptb+WWjAdOK16+u/nHfiIrcE+sh8kZMaM0WllQKLI9rOUq6c2b7cwPkXdzfQESqvoqK6ug7U/Yyzug==",
			"optional": true,
			"peer": true
		},
		"rxjs": {
			"version": "7.4.0",
			"resolved": "https://registry.npmjs.org/rxjs/-/rxjs-7.4.0.tgz",
			"integrity": "sha512-7SQDi7xeTMCJpqViXh8gL/lebcwlp3d831F05+9B44A4B0WfsEwUQHR64gsH1kvJ+Ep/J9K2+n1hVl1CsGN23w==",
			"peer": true,
			"requires": {
				"tslib": "~2.1.0"
			},
			"dependencies": {
				"tslib": {
					"version": "2.1.0",
					"resolved": "https://registry.npmjs.org/tslib/-/tslib-2.1.0.tgz",
					"integrity": "sha512-hcVC3wYEziELGGmEEXue7D75zbwIIVUMWAVbHItGPx0ziyXxrOMQx4rQEVEV45Ut/1IotuEvwqPopzIOkDMf0A==",
					"peer": true
				}
			}
		},
		"tslib": {
			"version": "2.3.1",
			"resolved": "https://registry.npmjs.org/tslib/-/tslib-2.3.1.tgz",
			"integrity": "sha512-77EbyPPpMz+FRFRuAFlWMtmgUWGe9UOG2Z25NqCwiIjRhOf5iKGuzSe5P2w1laq+FkRy4p+PCuVkJSGkzTEKVw=="
		},
		"zone.js": {
			"version": "0.11.4",
			"resolved": "https://registry.npmjs.org/zone.js/-/zone.js-0.11.4.tgz",
			"integrity": "sha512-DDh2Ab+A/B+9mJyajPjHFPWfYU1H+pdun4wnnk0OcQTNjem1XQSZ2CDW+rfZEUDjv5M19SBqAkjZi0x5wuB5Qw==",
			"peer": true,
			"requires": {
				"tslib": "^2.0.0"
			}
		}
	}
}
